// !$*UTF8*$!
{
	archiveVersion = 1;
	classes = {
	};
	objectVersion = 46;
	objects = {

/* Begin PBXBuildFile section */
		4C0909F3908067FE06C51520 /* Pods_BreakRealm.framework in Frameworks */ = {isa = PBXBuildFile; fileRef = 6ADA58E6DABA0F276EDC1617 /* Pods_BreakRealm.framework */; };
		D5610602F2831D4992E21516 /* Pods_BreakRealmUITests.framework in Frameworks */ = {isa = PBXBuildFile; fileRef = 87DC3C3F25DD9ED309584078 /* Pods_BreakRealmUITests.framework */; };
		E3D9EFD31D315BFD005B16E1 /* AppDelegate.swift in Sources */ = {isa = PBXBuildFile; fileRef = E3D9EFD21D315BFD005B16E1 /* AppDelegate.swift */; };
		E3D9EFD51D315BFD005B16E1 /* ViewController.swift in Sources */ = {isa = PBXBuildFile; fileRef = E3D9EFD41D315BFD005B16E1 /* ViewController.swift */; };
		E3D9EFD81D315BFD005B16E1 /* Main.storyboard in Resources */ = {isa = PBXBuildFile; fileRef = E3D9EFD61D315BFD005B16E1 /* Main.storyboard */; };
		E3D9EFDA1D315BFD005B16E1 /* Assets.xcassets in Resources */ = {isa = PBXBuildFile; fileRef = E3D9EFD91D315BFD005B16E1 /* Assets.xcassets */; };
		E3D9EFDD1D315BFD005B16E1 /* LaunchScreen.storyboard in Resources */ = {isa = PBXBuildFile; fileRef = E3D9EFDB1D315BFD005B16E1 /* LaunchScreen.storyboard */; };
		E3D9EFE81D315BFD005B16E1 /* BreakRealmTests.swift in Sources */ = {isa = PBXBuildFile; fileRef = E3D9EFE71D315BFD005B16E1 /* BreakRealmTests.swift */; };
		E3D9EFF31D315BFD005B16E1 /* BreakRealmUITests.swift in Sources */ = {isa = PBXBuildFile; fileRef = E3D9EFF21D315BFD005B16E1 /* BreakRealmUITests.swift */; };
		F88115DB73A5D386806B7627 /* Pods_BreakRealmTests.framework in Frameworks */ = {isa = PBXBuildFile; fileRef = C22E3D7C2930A6478F5C2518 /* Pods_BreakRealmTests.framework */; };
/* End PBXBuildFile section */

/* Begin PBXContainerItemProxy section */
		E3D9EFE41D315BFD005B16E1 /* PBXContainerItemProxy */ = {
			isa = PBXContainerItemProxy;
			containerPortal = E3D9EFC71D315BFD005B16E1 /* Project object */;
			proxyType = 1;
			remoteGlobalIDString = E3D9EFCE1D315BFD005B16E1;
			remoteInfo = BreakRealm;
		};
		E3D9EFEF1D315BFD005B16E1 /* PBXContainerItemProxy */ = {
			isa = PBXContainerItemProxy;
			containerPortal = E3D9EFC71D315BFD005B16E1 /* Project object */;
			proxyType = 1;
			remoteGlobalIDString = E3D9EFCE1D315BFD005B16E1;
			remoteInfo = BreakRealm;
		};
/* End PBXContainerItemProxy section */

/* Begin PBXFileReference section */
		16D2AA4725D2DFC46829CE07 /* Pods-BreakRealmUITests.debug.xcconfig */ = {isa = PBXFileReference; includeInIndex = 1; lastKnownFileType = text.xcconfig; name = "Pods-BreakRealmUITests.debug.xcconfig"; path = "Pods/Target Support Files/Pods-BreakRealmUITests/Pods-BreakRealmUITests.debug.xcconfig"; sourceTree = "<group>"; };
		22E4919E384F875B21441D49 /* Pods-BreakRealm.debug.xcconfig */ = {isa = PBXFileReference; includeInIndex = 1; lastKnownFileType = text.xcconfig; name = "Pods-BreakRealm.debug.xcconfig"; path = "Pods/Target Support Files/Pods-BreakRealm/Pods-BreakRealm.debug.xcconfig"; sourceTree = "<group>"; };
		6A44496FE5A81C74A0AAEC1B /* Pods-BreakRealm.release.xcconfig */ = {isa = PBXFileReference; includeInIndex = 1; lastKnownFileType = text.xcconfig; name = "Pods-BreakRealm.release.xcconfig"; path = "Pods/Target Support Files/Pods-BreakRealm/Pods-BreakRealm.release.xcconfig"; sourceTree = "<group>"; };
		6ADA58E6DABA0F276EDC1617 /* Pods_BreakRealm.framework */ = {isa = PBXFileReference; explicitFileType = wrapper.framework; includeInIndex = 0; path = Pods_BreakRealm.framework; sourceTree = BUILT_PRODUCTS_DIR; };
		87DC3C3F25DD9ED309584078 /* Pods_BreakRealmUITests.framework */ = {isa = PBXFileReference; explicitFileType = wrapper.framework; includeInIndex = 0; path = Pods_BreakRealmUITests.framework; sourceTree = BUILT_PRODUCTS_DIR; };
		C22E3D7C2930A6478F5C2518 /* Pods_BreakRealmTests.framework */ = {isa = PBXFileReference; explicitFileType = wrapper.framework; includeInIndex = 0; path = Pods_BreakRealmTests.framework; sourceTree = BUILT_PRODUCTS_DIR; };
		C9B6D27B5B7D1B67C315A488 /* Pods-BreakRealmUITests.release.xcconfig */ = {isa = PBXFileReference; includeInIndex = 1; lastKnownFileType = text.xcconfig; name = "Pods-BreakRealmUITests.release.xcconfig"; path = "Pods/Target Support Files/Pods-BreakRealmUITests/Pods-BreakRealmUITests.release.xcconfig"; sourceTree = "<group>"; };
		CF50DE91E0D2BFF26E9B4657 /* Pods-BreakRealmTests.release.xcconfig */ = {isa = PBXFileReference; includeInIndex = 1; lastKnownFileType = text.xcconfig; name = "Pods-BreakRealmTests.release.xcconfig"; path = "Pods/Target Support Files/Pods-BreakRealmTests/Pods-BreakRealmTests.release.xcconfig"; sourceTree = "<group>"; };
		E3D9EFCF1D315BFD005B16E1 /* BreakRealm.app */ = {isa = PBXFileReference; explicitFileType = wrapper.application; includeInIndex = 0; path = BreakRealm.app; sourceTree = BUILT_PRODUCTS_DIR; };
		E3D9EFD21D315BFD005B16E1 /* AppDelegate.swift */ = {isa = PBXFileReference; lastKnownFileType = sourcecode.swift; path = AppDelegate.swift; sourceTree = "<group>"; };
		E3D9EFD41D315BFD005B16E1 /* ViewController.swift */ = {isa = PBXFileReference; lastKnownFileType = sourcecode.swift; path = ViewController.swift; sourceTree = "<group>"; };
		E3D9EFD71D315BFD005B16E1 /* Base */ = {isa = PBXFileReference; lastKnownFileType = file.storyboard; name = Base; path = Base.lproj/Main.storyboard; sourceTree = "<group>"; };
		E3D9EFD91D315BFD005B16E1 /* Assets.xcassets */ = {isa = PBXFileReference; lastKnownFileType = folder.assetcatalog; path = Assets.xcassets; sourceTree = "<group>"; };
		E3D9EFDC1D315BFD005B16E1 /* Base */ = {isa = PBXFileReference; lastKnownFileType = file.storyboard; name = Base; path = Base.lproj/LaunchScreen.storyboard; sourceTree = "<group>"; };
		E3D9EFDE1D315BFD005B16E1 /* Info.plist */ = {isa = PBXFileReference; lastKnownFileType = text.plist.xml; path = Info.plist; sourceTree = "<group>"; };
		E3D9EFE31D315BFD005B16E1 /* BreakRealmTests.xctest */ = {isa = PBXFileReference; explicitFileType = wrapper.cfbundle; includeInIndex = 0; path = BreakRealmTests.xctest; sourceTree = BUILT_PRODUCTS_DIR; };
		E3D9EFE71D315BFD005B16E1 /* BreakRealmTests.swift */ = {isa = PBXFileReference; lastKnownFileType = sourcecode.swift; path = BreakRealmTests.swift; sourceTree = "<group>"; };
		E3D9EFE91D315BFD005B16E1 /* Info.plist */ = {isa = PBXFileReference; lastKnownFileType = text.plist.xml; path = Info.plist; sourceTree = "<group>"; };
		E3D9EFEE1D315BFD005B16E1 /* BreakRealmUITests.xctest */ = {isa = PBXFileReference; explicitFileType = wrapper.cfbundle; includeInIndex = 0; path = BreakRealmUITests.xctest; sourceTree = BUILT_PRODUCTS_DIR; };
		E3D9EFF21D315BFD005B16E1 /* BreakRealmUITests.swift */ = {isa = PBXFileReference; lastKnownFileType = sourcecode.swift; path = BreakRealmUITests.swift; sourceTree = "<group>"; };
		E3D9EFF41D315BFD005B16E1 /* Info.plist */ = {isa = PBXFileReference; lastKnownFileType = text.plist.xml; path = Info.plist; sourceTree = "<group>"; };
		FF446BEB5AA54F78F39051ED /* Pods-BreakRealmTests.debug.xcconfig */ = {isa = PBXFileReference; includeInIndex = 1; lastKnownFileType = text.xcconfig; name = "Pods-BreakRealmTests.debug.xcconfig"; path = "Pods/Target Support Files/Pods-BreakRealmTests/Pods-BreakRealmTests.debug.xcconfig"; sourceTree = "<group>"; };
/* End PBXFileReference section */

/* Begin PBXFrameworksBuildPhase section */
		E3D9EFCC1D315BFD005B16E1 /* Frameworks */ = {
			isa = PBXFrameworksBuildPhase;
			buildActionMask = 2147483647;
			files = (
				4C0909F3908067FE06C51520 /* Pods_BreakRealm.framework in Frameworks */,
			);
			runOnlyForDeploymentPostprocessing = 0;
		};
		E3D9EFE01D315BFD005B16E1 /* Frameworks */ = {
			isa = PBXFrameworksBuildPhase;
			buildActionMask = 2147483647;
			files = (
				F88115DB73A5D386806B7627 /* Pods_BreakRealmTests.framework in Frameworks */,
			);
			runOnlyForDeploymentPostprocessing = 0;
		};
		E3D9EFEB1D315BFD005B16E1 /* Frameworks */ = {
			isa = PBXFrameworksBuildPhase;
			buildActionMask = 2147483647;
			files = (
				D5610602F2831D4992E21516 /* Pods_BreakRealmUITests.framework in Frameworks */,
			);
			runOnlyForDeploymentPostprocessing = 0;
		};
/* End PBXFrameworksBuildPhase section */

/* Begin PBXGroup section */
		8B243C0158E77D5319F44C64 /* Pods */ = {
			isa = PBXGroup;
			children = (
				22E4919E384F875B21441D49 /* Pods-BreakRealm.debug.xcconfig */,
				6A44496FE5A81C74A0AAEC1B /* Pods-BreakRealm.release.xcconfig */,
				FF446BEB5AA54F78F39051ED /* Pods-BreakRealmTests.debug.xcconfig */,
				CF50DE91E0D2BFF26E9B4657 /* Pods-BreakRealmTests.release.xcconfig */,
				16D2AA4725D2DFC46829CE07 /* Pods-BreakRealmUITests.debug.xcconfig */,
				C9B6D27B5B7D1B67C315A488 /* Pods-BreakRealmUITests.release.xcconfig */,
			);
			name = Pods;
			sourceTree = "<group>";
		};
		D29B2C8233ED8D31629487B5 /* Frameworks */ = {
			isa = PBXGroup;
			children = (
				6ADA58E6DABA0F276EDC1617 /* Pods_BreakRealm.framework */,
				C22E3D7C2930A6478F5C2518 /* Pods_BreakRealmTests.framework */,
				87DC3C3F25DD9ED309584078 /* Pods_BreakRealmUITests.framework */,
			);
			name = Frameworks;
			sourceTree = "<group>";
		};
		E3D9EFC61D315BFD005B16E1 = {
			isa = PBXGroup;
			children = (
				E3D9EFD11D315BFD005B16E1 /* BreakRealm */,
				E3D9EFE61D315BFD005B16E1 /* BreakRealmTests */,
				E3D9EFF11D315BFD005B16E1 /* BreakRealmUITests */,
				E3D9EFD01D315BFD005B16E1 /* Products */,
				8B243C0158E77D5319F44C64 /* Pods */,
				D29B2C8233ED8D31629487B5 /* Frameworks */,
			);
			sourceTree = "<group>";
		};
		E3D9EFD01D315BFD005B16E1 /* Products */ = {
			isa = PBXGroup;
			children = (
				E3D9EFCF1D315BFD005B16E1 /* BreakRealm.app */,
				E3D9EFE31D315BFD005B16E1 /* BreakRealmTests.xctest */,
				E3D9EFEE1D315BFD005B16E1 /* BreakRealmUITests.xctest */,
			);
			name = Products;
			sourceTree = "<group>";
		};
		E3D9EFD11D315BFD005B16E1 /* BreakRealm */ = {
			isa = PBXGroup;
			children = (
				E3D9EFD21D315BFD005B16E1 /* AppDelegate.swift */,
				E3D9EFD41D315BFD005B16E1 /* ViewController.swift */,
				E3D9EFD61D315BFD005B16E1 /* Main.storyboard */,
				E3D9EFD91D315BFD005B16E1 /* Assets.xcassets */,
				E3D9EFDB1D315BFD005B16E1 /* LaunchScreen.storyboard */,
				E3D9EFDE1D315BFD005B16E1 /* Info.plist */,
			);
			path = BreakRealm;
			sourceTree = "<group>";
		};
		E3D9EFE61D315BFD005B16E1 /* BreakRealmTests */ = {
			isa = PBXGroup;
			children = (
				E3D9EFE71D315BFD005B16E1 /* BreakRealmTests.swift */,
				E3D9EFE91D315BFD005B16E1 /* Info.plist */,
			);
			path = BreakRealmTests;
			sourceTree = "<group>";
		};
		E3D9EFF11D315BFD005B16E1 /* BreakRealmUITests */ = {
			isa = PBXGroup;
			children = (
				E3D9EFF21D315BFD005B16E1 /* BreakRealmUITests.swift */,
				E3D9EFF41D315BFD005B16E1 /* Info.plist */,
			);
			path = BreakRealmUITests;
			sourceTree = "<group>";
		};
/* End PBXGroup section */

/* Begin PBXNativeTarget section */
		E3D9EFCE1D315BFD005B16E1 /* BreakRealm */ = {
			isa = PBXNativeTarget;
			buildConfigurationList = E3D9EFF71D315BFD005B16E1 /* Build configuration list for PBXNativeTarget "BreakRealm" */;
			buildPhases = (
				734DD429618E15ABCD2CA818 /* [CP] Check Pods Manifest.lock */,
				E3D9EFCB1D315BFD005B16E1 /* Sources */,
				E3D9EFCC1D315BFD005B16E1 /* Frameworks */,
				E3D9EFCD1D315BFD005B16E1 /* Resources */,
				3CA1355581EC6E7F63DB6921 /* [CP] Embed Pods Frameworks */,
				103AEB0CF88164210EEFC377 /* [CP] Copy Pods Resources */,
			);
			buildRules = (
			);
			dependencies = (
			);
			name = BreakRealm;
			productName = BreakRealm;
			productReference = E3D9EFCF1D315BFD005B16E1 /* BreakRealm.app */;
			productType = "com.apple.product-type.application";
		};
		E3D9EFE21D315BFD005B16E1 /* BreakRealmTests */ = {
			isa = PBXNativeTarget;
			buildConfigurationList = E3D9EFFA1D315BFD005B16E1 /* Build configuration list for PBXNativeTarget "BreakRealmTests" */;
			buildPhases = (
				B1510D21746DC90D523ACB3A /* [CP] Check Pods Manifest.lock */,
				E3D9EFDF1D315BFD005B16E1 /* Sources */,
				E3D9EFE01D315BFD005B16E1 /* Frameworks */,
				E3D9EFE11D315BFD005B16E1 /* Resources */,
				5B93FAEC1EB49D9A5775AF13 /* [CP] Embed Pods Frameworks */,
				457ED37C3FAD19D00A7A439D /* [CP] Copy Pods Resources */,
			);
			buildRules = (
			);
			dependencies = (
				E3D9EFE51D315BFD005B16E1 /* PBXTargetDependency */,
			);
			name = BreakRealmTests;
			productName = BreakRealmTests;
			productReference = E3D9EFE31D315BFD005B16E1 /* BreakRealmTests.xctest */;
			productType = "com.apple.product-type.bundle.unit-test";
		};
		E3D9EFED1D315BFD005B16E1 /* BreakRealmUITests */ = {
			isa = PBXNativeTarget;
			buildConfigurationList = E3D9EFFD1D315BFD005B16E1 /* Build configuration list for PBXNativeTarget "BreakRealmUITests" */;
			buildPhases = (
				A467F877FED17CD7B738D01A /* [CP] Check Pods Manifest.lock */,
				E3D9EFEA1D315BFD005B16E1 /* Sources */,
				E3D9EFEB1D315BFD005B16E1 /* Frameworks */,
				E3D9EFEC1D315BFD005B16E1 /* Resources */,
				27D3D994A5991960A4E5A1C4 /* [CP] Copy Pods Resources */,
			);
			buildRules = (
			);
			dependencies = (
				E3D9EFF01D315BFD005B16E1 /* PBXTargetDependency */,
			);
			name = BreakRealmUITests;
			productName = BreakRealmUITests;
			productReference = E3D9EFEE1D315BFD005B16E1 /* BreakRealmUITests.xctest */;
			productType = "com.apple.product-type.bundle.ui-testing";
		};
/* End PBXNativeTarget section */

/* Begin PBXProject section */
		E3D9EFC71D315BFD005B16E1 /* Project object */ = {
			isa = PBXProject;
			attributes = {
				LastSwiftUpdateCheck = 0730;
				LastUpgradeCheck = 0730;
				ORGANIZATIONNAME = "Michael Stewart";
				TargetAttributes = {
					E3D9EFCE1D315BFD005B16E1 = {
						CreatedOnToolsVersion = 7.3.1;
					};
					E3D9EFE21D315BFD005B16E1 = {
						CreatedOnToolsVersion = 7.3.1;
						TestTargetID = E3D9EFCE1D315BFD005B16E1;
					};
					E3D9EFED1D315BFD005B16E1 = {
						CreatedOnToolsVersion = 7.3.1;
						TestTargetID = E3D9EFCE1D315BFD005B16E1;
					};
				};
			};
			buildConfigurationList = E3D9EFCA1D315BFD005B16E1 /* Build configuration list for PBXProject "BreakRealm" */;
			compatibilityVersion = "Xcode 3.2";
			developmentRegion = English;
			hasScannedForEncodings = 0;
			knownRegions = (
				en,
				Base,
			);
			mainGroup = E3D9EFC61D315BFD005B16E1;
			productRefGroup = E3D9EFD01D315BFD005B16E1 /* Products */;
			projectDirPath = "";
			projectRoot = "";
			targets = (
				E3D9EFCE1D315BFD005B16E1 /* BreakRealm */,
				E3D9EFE21D315BFD005B16E1 /* BreakRealmTests */,
				E3D9EFED1D315BFD005B16E1 /* BreakRealmUITests */,
			);
		};
/* End PBXProject section */

/* Begin PBXResourcesBuildPhase section */
		E3D9EFCD1D315BFD005B16E1 /* Resources */ = {
			isa = PBXResourcesBuildPhase;
			buildActionMask = 2147483647;
			files = (
				E3D9EFDD1D315BFD005B16E1 /* LaunchScreen.storyboard in Resources */,
				E3D9EFDA1D315BFD005B16E1 /* Assets.xcassets in Resources */,
				E3D9EFD81D315BFD005B16E1 /* Main.storyboard in Resources */,
			);
			runOnlyForDeploymentPostprocessing = 0;
		};
		E3D9EFE11D315BFD005B16E1 /* Resources */ = {
			isa = PBXResourcesBuildPhase;
			buildActionMask = 2147483647;
			files = (
			);
			runOnlyForDeploymentPostprocessing = 0;
		};
		E3D9EFEC1D315BFD005B16E1 /* Resources */ = {
			isa = PBXResourcesBuildPhase;
			buildActionMask = 2147483647;
			files = (
			);
			runOnlyForDeploymentPostprocessing = 0;
		};
/* End PBXResourcesBuildPhase section */

/* Begin PBXShellScriptBuildPhase section */
		103AEB0CF88164210EEFC377 /* [CP] Copy Pods Resources */ = {
			isa = PBXShellScriptBuildPhase;
			buildActionMask = 2147483647;
			files = (
			);
			inputPaths = (
			);
			name = "[CP] Copy Pods Resources";
			outputPaths = (
			);
			runOnlyForDeploymentPostprocessing = 0;
			shellPath = /bin/sh;
			shellScript = "\"${SRCROOT}/Pods/Target Support Files/Pods-BreakRealm/Pods-BreakRealm-resources.sh\"\n";
			showEnvVarsInLog = 0;
		};
		27D3D994A5991960A4E5A1C4 /* [CP] Copy Pods Resources */ = {
			isa = PBXShellScriptBuildPhase;
			buildActionMask = 2147483647;
			files = (
			);
			inputPaths = (
			);
			name = "[CP] Copy Pods Resources";
			outputPaths = (
			);
			runOnlyForDeploymentPostprocessing = 0;
			shellPath = /bin/sh;
			shellScript = "\"${SRCROOT}/Pods/Target Support Files/Pods-BreakRealmUITests/Pods-BreakRealmUITests-resources.sh\"\n";
			showEnvVarsInLog = 0;
		};
		3CA1355581EC6E7F63DB6921 /* [CP] Embed Pods Frameworks */ = {
			isa = PBXShellScriptBuildPhase;
			buildActionMask = 2147483647;
			files = (
			);
			inputPaths = (
			);
			name = "[CP] Embed Pods Frameworks";
			outputPaths = (
			);
			runOnlyForDeploymentPostprocessing = 0;
			shellPath = /bin/sh;
			shellScript = "\"${SRCROOT}/Pods/Target Support Files/Pods-BreakRealm/Pods-BreakRealm-frameworks.sh\"\n";
			showEnvVarsInLog = 0;
		};
		457ED37C3FAD19D00A7A439D /* [CP] Copy Pods Resources */ = {
			isa = PBXShellScriptBuildPhase;
			buildActionMask = 2147483647;
			files = (
			);
			inputPaths = (
			);
			name = "[CP] Copy Pods Resources";
			outputPaths = (
			);
			runOnlyForDeploymentPostprocessing = 0;
			shellPath = /bin/sh;
			shellScript = "\"${SRCROOT}/Pods/Target Support Files/Pods-BreakRealmTests/Pods-BreakRealmTests-resources.sh\"\n";
			showEnvVarsInLog = 0;
		};
		5B93FAEC1EB49D9A5775AF13 /* [CP] Embed Pods Frameworks */ = {
			isa = PBXShellScriptBuildPhase;
			buildActionMask = 2147483647;
			files = (
			);
			inputPaths = (
			);
			name = "[CP] Embed Pods Frameworks";
			outputPaths = (
			);
			runOnlyForDeploymentPostprocessing = 0;
			shellPath = /bin/sh;
			shellScript = "\"${SRCROOT}/Pods/Target Support Files/Pods-BreakRealmTests/Pods-BreakRealmTests-frameworks.sh\"\n";
			showEnvVarsInLog = 0;
		};
		734DD429618E15ABCD2CA818 /* [CP] Check Pods Manifest.lock */ = {
			isa = PBXShellScriptBuildPhase;
			buildActionMask = 2147483647;
			files = (
			);
			inputPaths = (
			);
			name = "[CP] Check Pods Manifest.lock";
			outputPaths = (
			);
			runOnlyForDeploymentPostprocessing = 0;
			shellPath = /bin/sh;
			shellScript = "diff \"${PODS_ROOT}/../Podfile.lock\" \"${PODS_ROOT}/Manifest.lock\" > /dev/null\nif [[ $? != 0 ]] ; then\n    cat << EOM\nerror: The sandbox is not in sync with the Podfile.lock. Run 'pod install' or update your CocoaPods installation.\nEOM\n    exit 1\nfi\n";
			showEnvVarsInLog = 0;
		};
		A467F877FED17CD7B738D01A /* [CP] Check Pods Manifest.lock */ = {
			isa = PBXShellScriptBuildPhase;
			buildActionMask = 2147483647;
			files = (
			);
			inputPaths = (
			);
			name = "[CP] Check Pods Manifest.lock";
			outputPaths = (
			);
			runOnlyForDeploymentPostprocessing = 0;
			shellPath = /bin/sh;
			shellScript = "diff \"${PODS_ROOT}/../Podfile.lock\" \"${PODS_ROOT}/Manifest.lock\" > /dev/null\nif [[ $? != 0 ]] ; then\n    cat << EOM\nerror: The sandbox is not in sync with the Podfile.lock. Run 'pod install' or update your CocoaPods installation.\nEOM\n    exit 1\nfi\n";
			showEnvVarsInLog = 0;
		};
		B1510D21746DC90D523ACB3A /* [CP] Check Pods Manifest.lock */ = {
			isa = PBXShellScriptBuildPhase;
			buildActionMask = 2147483647;
			files = (
			);
			inputPaths = (
			);
			name = "[CP] Check Pods Manifest.lock";
			outputPaths = (
			);
			runOnlyForDeploymentPostprocessing = 0;
			shellPath = /bin/sh;
			shellScript = "diff \"${PODS_ROOT}/../Podfile.lock\" \"${PODS_ROOT}/Manifest.lock\" > /dev/null\nif [[ $? != 0 ]] ; then\n    cat << EOM\nerror: The sandbox is not in sync with the Podfile.lock. Run 'pod install' or update your CocoaPods installation.\nEOM\n    exit 1\nfi\n";
			showEnvVarsInLog = 0;
		};
/* End PBXShellScriptBuildPhase section */

/* Begin PBXSourcesBuildPhase section */
		E3D9EFCB1D315BFD005B16E1 /* Sources */ = {
			isa = PBXSourcesBuildPhase;
			buildActionMask = 2147483647;
			files = (
				E3D9EFD51D315BFD005B16E1 /* ViewController.swift in Sources */,
				E3D9EFD31D315BFD005B16E1 /* AppDelegate.swift in Sources */,
			);
			runOnlyForDeploymentPostprocessing = 0;
		};
		E3D9EFDF1D315BFD005B16E1 /* Sources */ = {
			isa = PBXSourcesBuildPhase;
			buildActionMask = 2147483647;
			files = (
				E3D9EFE81D315BFD005B16E1 /* BreakRealmTests.swift in Sources */,
			);
			runOnlyForDeploymentPostprocessing = 0;
		};
		E3D9EFEA1D315BFD005B16E1 /* Sources */ = {
			isa = PBXSourcesBuildPhase;
			buildActionMask = 2147483647;
			files = (
				E3D9EFF31D315BFD005B16E1 /* BreakRealmUITests.swift in Sources */,
			);
			runOnlyForDeploymentPostprocessing = 0;
		};
/* End PBXSourcesBuildPhase section */

/* Begin PBXTargetDependency section */
		E3D9EFE51D315BFD005B16E1 /* PBXTargetDependency */ = {
			isa = PBXTargetDependency;
			target = E3D9EFCE1D315BFD005B16E1 /* BreakRealm */;
			targetProxy = E3D9EFE41D315BFD005B16E1 /* PBXContainerItemProxy */;
		};
		E3D9EFF01D315BFD005B16E1 /* PBXTargetDependency */ = {
			isa = PBXTargetDependency;
			target = E3D9EFCE1D315BFD005B16E1 /* BreakRealm */;
			targetProxy = E3D9EFEF1D315BFD005B16E1 /* PBXContainerItemProxy */;
		};
/* End PBXTargetDependency section */

/* Begin PBXVariantGroup section */
		E3D9EFD61D315BFD005B16E1 /* Main.storyboard */ = {
			isa = PBXVariantGroup;
			children = (
				E3D9EFD71D315BFD005B16E1 /* Base */,
			);
			name = Main.storyboard;
			sourceTree = "<group>";
		};
		E3D9EFDB1D315BFD005B16E1 /* LaunchScreen.storyboard */ = {
			isa = PBXVariantGroup;
			children = (
				E3D9EFDC1D315BFD005B16E1 /* Base */,
			);
			name = LaunchScreen.storyboard;
			sourceTree = "<group>";
		};
/* End PBXVariantGroup section */

/* Begin XCBuildConfiguration section */
		E3D9EFF51D315BFD005B16E1 /* Debug */ = {
			isa = XCBuildConfiguration;
			buildSettings = {
				ALWAYS_SEARCH_USER_PATHS = NO;
				CLANG_ANALYZER_NONNULL = YES;
				CLANG_CXX_LANGUAGE_STANDARD = "gnu++0x";
				CLANG_CXX_LIBRARY = "libc++";
				CLANG_ENABLE_MODULES = YES;
				CLANG_ENABLE_OBJC_ARC = YES;
				CLANG_WARN_BOOL_CONVERSION = YES;
				CLANG_WARN_CONSTANT_CONVERSION = YES;
				CLANG_WARN_DIRECT_OBJC_ISA_USAGE = YES_ERROR;
				CLANG_WARN_EMPTY_BODY = YES;
				CLANG_WARN_ENUM_CONVERSION = YES;
				CLANG_WARN_INT_CONVERSION = YES;
				CLANG_WARN_OBJC_ROOT_CLASS = YES_ERROR;
				CLANG_WARN_UNREACHABLE_CODE = YES;
				CLANG_WARN__DUPLICATE_METHOD_MATCH = YES;
				"CODE_SIGN_IDENTITY[sdk=iphoneos*]" = "iPhone Developer";
				COPY_PHASE_STRIP = NO;
				DEBUG_INFORMATION_FORMAT = dwarf;
				ENABLE_STRICT_OBJC_MSGSEND = YES;
				ENABLE_TESTABILITY = YES;
				GCC_C_LANGUAGE_STANDARD = gnu99;
				GCC_DYNAMIC_NO_PIC = NO;
				GCC_NO_COMMON_BLOCKS = YES;
				GCC_OPTIMIZATION_LEVEL = 0;
				GCC_PREPROCESSOR_DEFINITIONS = (
					"DEBUG=1",
					"$(inherited)",
				);
				GCC_WARN_64_TO_32_BIT_CONVERSION = YES;
				GCC_WARN_ABOUT_RETURN_TYPE = YES_ERROR;
				GCC_WARN_UNDECLARED_SELECTOR = YES;
				GCC_WARN_UNINITIALIZED_AUTOS = YES_AGGRESSIVE;
				GCC_WARN_UNUSED_FUNCTION = YES;
				GCC_WARN_UNUSED_VARIABLE = YES;
				IPHONEOS_DEPLOYMENT_TARGET = 9.3;
				MTL_ENABLE_DEBUG_INFO = YES;
				ONLY_ACTIVE_ARCH = YES;
				SDKROOT = iphoneos;
				SWIFT_OPTIMIZATION_LEVEL = "-Onone";
				TARGETED_DEVICE_FAMILY = "1,2";
			};
			name = Debug;
		};
		E3D9EFF61D315BFD005B16E1 /* Release */ = {
			isa = XCBuildConfiguration;
			buildSettings = {
				ALWAYS_SEARCH_USER_PATHS = NO;
				CLANG_ANALYZER_NONNULL = YES;
				CLANG_CXX_LANGUAGE_STANDARD = "gnu++0x";
				CLANG_CXX_LIBRARY = "libc++";
				CLANG_ENABLE_MODULES = YES;
				CLANG_ENABLE_OBJC_ARC = YES;
				CLANG_WARN_BOOL_CONVERSION = YES;
				CLANG_WARN_CONSTANT_CONVERSION = YES;
				CLANG_WARN_DIRECT_OBJC_ISA_USAGE = YES_ERROR;
				CLANG_WARN_EMPTY_BODY = YES;
				CLANG_WARN_ENUM_CONVERSION = YES;
				CLANG_WARN_INT_CONVERSION = YES;
				CLANG_WARN_OBJC_ROOT_CLASS = YES_ERROR;
				CLANG_WARN_UNREACHABLE_CODE = YES;
				CLANG_WARN__DUPLICATE_METHOD_MATCH = YES;
				"CODE_SIGN_IDENTITY[sdk=iphoneos*]" = "iPhone Developer";
				COPY_PHASE_STRIP = NO;
				DEBUG_INFORMATION_FORMAT = "dwarf-with-dsym";
				ENABLE_NS_ASSERTIONS = NO;
				ENABLE_STRICT_OBJC_MSGSEND = YES;
				GCC_C_LANGUAGE_STANDARD = gnu99;
				GCC_NO_COMMON_BLOCKS = YES;
				GCC_WARN_64_TO_32_BIT_CONVERSION = YES;
				GCC_WARN_ABOUT_RETURN_TYPE = YES_ERROR;
				GCC_WARN_UNDECLARED_SELECTOR = YES;
				GCC_WARN_UNINITIALIZED_AUTOS = YES_AGGRESSIVE;
				GCC_WARN_UNUSED_FUNCTION = YES;
				GCC_WARN_UNUSED_VARIABLE = YES;
				IPHONEOS_DEPLOYMENT_TARGET = 9.3;
				MTL_ENABLE_DEBUG_INFO = NO;
				SDKROOT = iphoneos;
				TARGETED_DEVICE_FAMILY = "1,2";
				VALIDATE_PRODUCT = YES;
			};
			name = Release;
		};
		E3D9EFF81D315BFD005B16E1 /* Debug */ = {
			isa = XCBuildConfiguration;
			baseConfigurationReference = 22E4919E384F875B21441D49 /* Pods-BreakRealm.debug.xcconfig */;
			buildSettings = {
				ASSETCATALOG_COMPILER_APPICON_NAME = AppIcon;
				INFOPLIST_FILE = BreakRealm/Info.plist;
				LD_RUNPATH_SEARCH_PATHS = "$(inherited) @executable_path/Frameworks";
				PRODUCT_BUNDLE_IDENTIFIER = br.BreakRealm;
				PRODUCT_NAME = "$(TARGET_NAME)";
			};
			name = Debug;
		};
		E3D9EFF91D315BFD005B16E1 /* Release */ = {
			isa = XCBuildConfiguration;
			baseConfigurationReference = 6A44496FE5A81C74A0AAEC1B /* Pods-BreakRealm.release.xcconfig */;
			buildSettings = {
				ASSETCATALOG_COMPILER_APPICON_NAME = AppIcon;
				INFOPLIST_FILE = BreakRealm/Info.plist;
				LD_RUNPATH_SEARCH_PATHS = "$(inherited) @executable_path/Frameworks";
				PRODUCT_BUNDLE_IDENTIFIER = br.BreakRealm;
				PRODUCT_NAME = "$(TARGET_NAME)";
			};
			name = Release;
		};
		E3D9EFFB1D315BFD005B16E1 /* Debug */ = {
			isa = XCBuildConfiguration;
			baseConfigurationReference = FF446BEB5AA54F78F39051ED /* Pods-BreakRealmTests.debug.xcconfig */;
			buildSettings = {
				BUNDLE_LOADER = "$(TEST_HOST)";
				INFOPLIST_FILE = BreakRealmTests/Info.plist;
				LD_RUNPATH_SEARCH_PATHS = "$(inherited) @executable_path/Frameworks @loader_path/Frameworks";
				PRODUCT_BUNDLE_IDENTIFIER = br.BreakRealmTests;
				PRODUCT_NAME = "$(TARGET_NAME)";
				TEST_HOST = "$(BUILT_PRODUCTS_DIR)/BreakRealm.app/BreakRealm";
			};
			name = Debug;
		};
		E3D9EFFC1D315BFD005B16E1 /* Release */ = {
			isa = XCBuildConfiguration;
			baseConfigurationReference = CF50DE91E0D2BFF26E9B4657 /* Pods-BreakRealmTests.release.xcconfig */;
			buildSettings = {
				BUNDLE_LOADER = "$(TEST_HOST)";
				INFOPLIST_FILE = BreakRealmTests/Info.plist;
				LD_RUNPATH_SEARCH_PATHS = "$(inherited) @executable_path/Frameworks @loader_path/Frameworks";
				PRODUCT_BUNDLE_IDENTIFIER = br.BreakRealmTests;
				PRODUCT_NAME = "$(TARGET_NAME)";
				TEST_HOST = "$(BUILT_PRODUCTS_DIR)/BreakRealm.app/BreakRealm";
			};
			name = Release;
		};
		E3D9EFFE1D315BFD005B16E1 /* Debug */ = {
			isa = XCBuildConfiguration;
			baseConfigurationReference = 16D2AA4725D2DFC46829CE07 /* Pods-BreakRealmUITests.debug.xcconfig */;
			buildSettings = {
				INFOPLIST_FILE = BreakRealmUITests/Info.plist;
				LD_RUNPATH_SEARCH_PATHS = "$(inherited) @executable_path/Frameworks @loader_path/Frameworks";
				PRODUCT_BUNDLE_IDENTIFIER = br.BreakRealmUITests;
				PRODUCT_NAME = "$(TARGET_NAME)";
				TEST_TARGET_NAME = BreakRealm;
			};
			name = Debug;
		};
		E3D9EFFF1D315BFD005B16E1 /* Release */ = {
			isa = XCBuildConfiguration;
			baseConfigurationReference = C9B6D27B5B7D1B67C315A488 /* Pods-BreakRealmUITests.release.xcconfig */;
			buildSettings = {
				INFOPLIST_FILE = BreakRealmUITests/Info.plist;
				LD_RUNPATH_SEARCH_PATHS = "$(inherited) @executable_path/Frameworks @loader_path/Frameworks";
				PRODUCT_BUNDLE_IDENTIFIER = br.BreakRealmUITests;
				PRODUCT_NAME = "$(TARGET_NAME)";
				TEST_TARGET_NAME = BreakRealm;
			};
			name = Release;
		};
/* End XCBuildConfiguration section */

/* Begin XCConfigurationList section */
		E3D9EFCA1D315BFD005B16E1 /* Build configuration list for PBXProject "BreakRealm" */ = {
			isa = XCConfigurationList;
			buildConfigurations = (
				E3D9EFF51D315BFD005B16E1 /* Debug */,
				E3D9EFF61D315BFD005B16E1 /* Release */,
			);
			defaultConfigurationIsVisible = 0;
			defaultConfigurationName = Release;
		};
		E3D9EFF71D315BFD005B16E1 /* Build configuration list for PBXNativeTarget "BreakRealm" */ = {
			isa = XCConfigurationList;
			buildConfigurations = (
				E3D9EFF81D315BFD005B16E1 /* Debug */,
				E3D9EFF91D315BFD005B16E1 /* Release */,
			);
			defaultConfigurationIsVisible = 0;
			defaultConfigurationName = Release;
		};
		E3D9EFFA1D315BFD005B16E1 /* Build configuration list for PBXNativeTarget "BreakRealmTests" */ = {
			isa = XCConfigurationList;
			buildConfigurations = (
				E3D9EFFB1D315BFD005B16E1 /* Debug */,
				E3D9EFFC1D315BFD005B16E1 /* Release */,
			);
			defaultConfigurationIsVisible = 0;
			defaultConfigurationName = Release;
		};
		E3D9EFFD1D315BFD005B16E1 /* Build configuration list for PBXNativeTarget "BreakRealmUITests" */ = {
			isa = XCConfigurationList;
			buildConfigurations = (
				E3D9EFFE1D315BFD005B16E1 /* Debug */,
				E3D9EFFF1D315BFD005B16E1 /* Release */,
			);
			defaultConfigurationIsVisible = 0;
			defaultConfigurationName = Release;
		};
/* End XCConfigurationList section */
	};
	rootObject = E3D9EFC71D315BFD005B16E1 /* Project object */;
}
